
Microsoft Visual Studio Solution File, Format Version 12.00
# Visual Studio Version 17
VisualStudioVersion = 17.10.35004.147
MinimumVisualStudioVersion = 10.0.40219.1
Project("{8BC9CEB8-8B4A-11D0-8D11-00A0C91BC942}") = "bai7_phuongtrinhbac1", "bai7_phuongtrinhbac1.vcxproj", "{07FA3BAA-4A58-4D09-8650-429FA8CC7F76}"
EndProject
Global
	GlobalSection(SolutionConfigurationPlatforms) = preSolution
		Debug|x64 = Debug|x64
		Debug|x86 = Debug|x86
		Release|x64 = Release|x64
		Release|x86 = Release|x86
	EndGlobalSection
	GlobalSection(ProjectConfigurationPlatforms) = postSolution
		{07FA3BAA-4A58-4D09-8650-429FA8CC7F76}.Debug|x64.ActiveCfg = Debug|x64
		{07FA3BAA-4A58-4D09-8650-429FA8CC7F76}.Debug|x64.Build.0 = Debug|x64
		{07FA3BAA-4A58-4D09-8650-429FA8CC7F76}.Debug|x86.ActiveCfg = Debug|Win32
		{07FA3BAA-4A58-4D09-8650-429FA8CC7F76}.Debug|x86.Build.0 = Debug|Win32
		{07FA3BAA-4A58-4D09-8650-429FA8CC7F76}.Release|x64.ActiveCfg = Release|x64
		{07FA3BAA-4A58-4D09-8650-429FA8CC7F76}.Release|x64.Build.0 = Release|x64
		{07FA3BAA-4A58-4D09-8650-429FA8CC7F76}.Release|x86.ActiveCfg = Release|Win32
		{07FA3BAA-4A58-4D09-8650-429FA8CC7F76}.Release|x86.Build.0 = Release|Win32
	EndGlobalSection
	GlobalSection(SolutionProperties) = preSolution
		HideSolutionNode = FALSE
	EndGlobalSection
	GlobalSection(ExtensibilityGlobals) = postSolution
		SolutionGuid = {A90E75CF-554D-4F29-8F26-4207813EC5C9}
	EndGlobalSection
EndGlobal
